// !$*UTF8*$!
{
	archiveVersion = 1;
	classes = {
	};
	objectVersion = 46;
	objects = {

/* Begin PBXBuildFile section */
		8E4158411A9D1B8200E773E2 /* KTWatchActivitiesListInterfaceController.swift in Sources */ = {isa = PBXBuildFile; fileRef = 8E4158401A9D1B8200E773E2 /* KTWatchActivitiesListInterfaceController.swift */; };
		8E8448A21A9AB16C000A549F /* AppDelegate.swift in Sources */ = {isa = PBXBuildFile; fileRef = 8E8448A11A9AB16C000A549F /* AppDelegate.swift */; };
		8E8448A71A9AB16C000A549F /* Main.storyboard in Resources */ = {isa = PBXBuildFile; fileRef = 8E8448A51A9AB16C000A549F /* Main.storyboard */; };
		8E8448A91A9AB16C000A549F /* Images.xcassets in Resources */ = {isa = PBXBuildFile; fileRef = 8E8448A81A9AB16C000A549F /* Images.xcassets */; };
		8E8448AC1A9AB16C000A549F /* LaunchScreen.xib in Resources */ = {isa = PBXBuildFile; fileRef = 8E8448AA1A9AB16C000A549F /* LaunchScreen.xib */; };
		8E8448CD1A9AB239000A549F /* NotificationController.swift in Sources */ = {isa = PBXBuildFile; fileRef = 8E8448CC1A9AB239000A549F /* NotificationController.swift */; };
		8E8448CF1A9AB239000A549F /* GlanceController.swift in Sources */ = {isa = PBXBuildFile; fileRef = 8E8448CE1A9AB239000A549F /* GlanceController.swift */; };
		8E8448D11A9AB239000A549F /* Images.xcassets in Resources */ = {isa = PBXBuildFile; fileRef = 8E8448D01A9AB239000A549F /* Images.xcassets */; };
		8E8448D51A9AB239000A549F /* Cherry WatchKit App.app in Resources */ = {isa = PBXBuildFile; fileRef = 8E8448D41A9AB239000A549F /* Cherry WatchKit App.app */; };
		8E8448DF1A9AB239000A549F /* Images.xcassets in Resources */ = {isa = PBXBuildFile; fileRef = 8E8448DE1A9AB239000A549F /* Images.xcassets */; };
		8E8448E21A9AB239000A549F /* Cherry WatchKit Extension.appex in Embed App Extensions */ = {isa = PBXBuildFile; fileRef = 8E8448C51A9AB239000A549F /* Cherry WatchKit Extension.appex */; settings = {ATTRIBUTES = (RemoveHeadersOnCopy, ); }; };
		8E8448ED1A9AB3B6000A549F /* KTActiveActivityState.swift in Sources */ = {isa = PBXBuildFile; fileRef = 8E8448EC1A9AB3B6000A549F /* KTActiveActivityState.swift */; };
		8E8448EE1A9AB3B6000A549F /* KTActiveActivityState.swift in Sources */ = {isa = PBXBuildFile; fileRef = 8E8448EC1A9AB3B6000A549F /* KTActiveActivityState.swift */; };
		8E8448F11A9AB7D3000A549F /* KTTimerFormatter.swift in Sources */ = {isa = PBXBuildFile; fileRef = 8E8448F01A9AB7D3000A549F /* KTTimerFormatter.swift */; };
		8E8448F21A9AB7D3000A549F /* KTTimerFormatter.swift in Sources */ = {isa = PBXBuildFile; fileRef = 8E8448F01A9AB7D3000A549F /* KTTimerFormatter.swift */; };
		8E8448F41A9AB927000A549F /* KTSharedUserDefaults.swift in Sources */ = {isa = PBXBuildFile; fileRef = 8E8448F31A9AB927000A549F /* KTSharedUserDefaults.swift */; };
		8E8448F51A9AB927000A549F /* KTSharedUserDefaults.swift in Sources */ = {isa = PBXBuildFile; fileRef = 8E8448F31A9AB927000A549F /* KTSharedUserDefaults.swift */; };
		8E8448F71A9ABD44000A549F /* KTActivityManager.swift in Sources */ = {isa = PBXBuildFile; fileRef = 8E8448F61A9ABD44000A549F /* KTActivityManager.swift */; };
		8E8448F81A9ABD44000A549F /* KTActivityManager.swift in Sources */ = {isa = PBXBuildFile; fileRef = 8E8448F61A9ABD44000A549F /* KTActivityManager.swift */; };
		8E8448FB1A9ABEF4000A549F /* KTPomodoroActivityModel.xcdatamodeld in Sources */ = {isa = PBXBuildFile; fileRef = 8E8448F91A9ABEF4000A549F /* KTPomodoroActivityModel.xcdatamodeld */; };
		8E8448FC1A9ABEF4000A549F /* KTPomodoroActivityModel.xcdatamodeld in Sources */ = {isa = PBXBuildFile; fileRef = 8E8448F91A9ABEF4000A549F /* KTPomodoroActivityModel.xcdatamodeld */; };
		8E8448FE1A9AC11D000A549F /* KTPomodoroActivityModel.swift in Sources */ = {isa = PBXBuildFile; fileRef = 8E8448FD1A9AC11D000A549F /* KTPomodoroActivityModel.swift */; };
		8E8448FF1A9AC11D000A549F /* KTPomodoroActivityModel.swift in Sources */ = {isa = PBXBuildFile; fileRef = 8E8448FD1A9AC11D000A549F /* KTPomodoroActivityModel.swift */; };
		8E8449011A9AC170000A549F /* KTPomodoroTaskConstants.swift in Sources */ = {isa = PBXBuildFile; fileRef = 8E8449001A9AC170000A549F /* KTPomodoroTaskConstants.swift */; };
		8E8449021A9AC170000A549F /* KTPomodoroTaskConstants.swift in Sources */ = {isa = PBXBuildFile; fileRef = 8E8449001A9AC170000A549F /* KTPomodoroTaskConstants.swift */; };
		8E8E91F71A9BEEA600837D25 /* KTCoreDataStack.swift in Sources */ = {isa = PBXBuildFile; fileRef = 8E8E91F61A9BEEA600837D25 /* KTCoreDataStack.swift */; };
		8E8E92001A9BF9C900837D25 /* KTCoreDataStack.swift in Sources */ = {isa = PBXBuildFile; fileRef = 8E8E91F61A9BEEA600837D25 /* KTCoreDataStack.swift */; };
		8EFC7C671A9D2D9B00C4E814 /* KTWatchActivitiesRowInterfaceController.swift in Sources */ = {isa = PBXBuildFile; fileRef = 8EFC7C661A9D2D9B00C4E814 /* KTWatchActivitiesRowInterfaceController.swift */; };
		8EFC7C6B1A9D326400C4E814 /* KTWatchAddActivityInterfaceController.swift in Sources */ = {isa = PBXBuildFile; fileRef = 8EFC7C6A1A9D326400C4E814 /* KTWatchAddActivityInterfaceController.swift */; };
		8EFC7C6D1A9D36A800C4E814 /* KTWatchPomoCompletedNotificationController.swift in Sources */ = {isa = PBXBuildFile; fileRef = 8EFC7C6C1A9D36A800C4E814 /* KTWatchPomoCompletedNotificationController.swift */; };
		8EFC7C6F1A9D383A00C4E814 /* KTWatchActivityCompletedNotificationController.swift in Sources */ = {isa = PBXBuildFile; fileRef = 8EFC7C6E1A9D383A00C4E814 /* KTWatchActivityCompletedNotificationController.swift */; };
		8EFC7C711A9D392700C4E814 /* KTWatchGlanceInterfaceController.swift in Sources */ = {isa = PBXBuildFile; fileRef = 8EFC7C701A9D392700C4E814 /* KTWatchGlanceInterfaceController.swift */; };
		8EFC7C731A9D41C600C4E814 /* Cherry.storyboard in Resources */ = {isa = PBXBuildFile; fileRef = 8EFC7C721A9D41C600C4E814 /* Cherry.storyboard */; };
		8EFC7CA61A9D539200C4E814 /* KTWatchActivityDetailsInterfaceController.swift in Sources */ = {isa = PBXBuildFile; fileRef = 8EFC7CA51A9D539200C4E814 /* KTWatchActivityDetailsInterfaceController.swift */; };
		8EFC7CA81A9D60C400C4E814 /* KTWatchAddActivityRowInterfaceController.swift in Sources */ = {isa = PBXBuildFile; fileRef = 8EFC7CA71A9D60C400C4E814 /* KTWatchAddActivityRowInterfaceController.swift */; };
		8EFC7CAB1A9D7ABE00C4E814 /* Settings-Watch.bundle in Resources */ = {isa = PBXBuildFile; fileRef = 8EFC7CAA1A9D7ABE00C4E814 /* Settings-Watch.bundle */; };
		8EFC7CAC1A9D7ABE00C4E814 /* Settings-Watch.bundle in Resources */ = {isa = PBXBuildFile; fileRef = 8EFC7CAA1A9D7ABE00C4E814 /* Settings-Watch.bundle */; };
/* End PBXBuildFile section */

/* Begin PBXContainerItemProxy section */
		8E8448B21A9AB16C000A549F /* PBXContainerItemProxy */ = {
			isa = PBXContainerItemProxy;
			containerPortal = 8E8448941A9AB16C000A549F /* Project object */;
			proxyType = 1;
			remoteGlobalIDString = 8E84489B1A9AB16C000A549F;
			remoteInfo = Cherry;
		};
		8E8448D61A9AB239000A549F /* PBXContainerItemProxy */ = {
			isa = PBXContainerItemProxy;
			containerPortal = 8E8448941A9AB16C000A549F /* Project object */;
			proxyType = 1;
			remoteGlobalIDString = 8E8448D31A9AB239000A549F;
			remoteInfo = "Cherry WatchKit App";
		};
		8E8448E01A9AB239000A549F /* PBXContainerItemProxy */ = {
			isa = PBXContainerItemProxy;
			containerPortal = 8E8448941A9AB16C000A549F /* Project object */;
			proxyType = 1;
			remoteGlobalIDString = 8E8448C41A9AB239000A549F;
			remoteInfo = "Cherry WatchKit Extension";
		};
/* End PBXContainerItemProxy section */

/* Begin PBXCopyFilesBuildPhase section */
		8E8448E91A9AB239000A549F /* Embed App Extensions */ = {
			isa = PBXCopyFilesBuildPhase;
			buildActionMask = 2147483647;
			dstPath = "";
			dstSubfolderSpec = 13;
			files = (
				8E8448E21A9AB239000A549F /* Cherry WatchKit Extension.appex in Embed App Extensions */,
			);
			name = "Embed App Extensions";
			runOnlyForDeploymentPostprocessing = 0;
		};
/* End PBXCopyFilesBuildPhase section */

/* Begin PBXFileReference section */
		8E4158401A9D1B8200E773E2 /* KTWatchActivitiesListInterfaceController.swift */ = {isa = PBXFileReference; fileEncoding = 4; lastKnownFileType = sourcecode.swift; name = KTWatchActivitiesListInterfaceController.swift; path = InterfaceControllers/KTWatchActivitiesListInterfaceController.swift; sourceTree = "<group>"; };
		8E84489C1A9AB16C000A549F /* Cherry.app */ = {isa = PBXFileReference; explicitFileType = wrapper.application; includeInIndex = 0; path = Cherry.app; sourceTree = BUILT_PRODUCTS_DIR; };
		8E8448A01A9AB16C000A549F /* Info.plist */ = {isa = PBXFileReference; lastKnownFileType = text.plist.xml; path = Info.plist; sourceTree = "<group>"; };
		8E8448A11A9AB16C000A549F /* AppDelegate.swift */ = {isa = PBXFileReference; lastKnownFileType = sourcecode.swift; path = AppDelegate.swift; sourceTree = "<group>"; };
		8E8448A61A9AB16C000A549F /* Base */ = {isa = PBXFileReference; lastKnownFileType = file.storyboard; name = Base; path = Base.lproj/Main.storyboard; sourceTree = "<group>"; };
		8E8448A81A9AB16C000A549F /* Images.xcassets */ = {isa = PBXFileReference; lastKnownFileType = folder.assetcatalog; path = Images.xcassets; sourceTree = "<group>"; };
		8E8448AB1A9AB16C000A549F /* Base */ = {isa = PBXFileReference; lastKnownFileType = file.xib; name = Base; path = Base.lproj/LaunchScreen.xib; sourceTree = "<group>"; };
		8E8448B11A9AB16C000A549F /* CherryTests.xctest */ = {isa = PBXFileReference; explicitFileType = wrapper.cfbundle; includeInIndex = 0; path = CherryTests.xctest; sourceTree = BUILT_PRODUCTS_DIR; };
		8E8448B61A9AB16C000A549F /* Info.plist */ = {isa = PBXFileReference; lastKnownFileType = text.plist.xml; path = Info.plist; sourceTree = "<group>"; };
		8E8448C51A9AB239000A549F /* Cherry WatchKit Extension.appex */ = {isa = PBXFileReference; explicitFileType = "wrapper.app-extension"; includeInIndex = 0; path = "Cherry WatchKit Extension.appex"; sourceTree = BUILT_PRODUCTS_DIR; };
		8E8448C81A9AB239000A549F /* Info.plist */ = {isa = PBXFileReference; lastKnownFileType = text.plist.xml; path = Info.plist; sourceTree = "<group>"; };
		8E8448C91A9AB239000A549F /* PushNotificationPayload.apns */ = {isa = PBXFileReference; lastKnownFileType = text; path = PushNotificationPayload.apns; sourceTree = "<group>"; };
		8E8448CC1A9AB239000A549F /* NotificationController.swift */ = {isa = PBXFileReference; lastKnownFileType = sourcecode.swift; path = NotificationController.swift; sourceTree = "<group>"; };
		8E8448CE1A9AB239000A549F /* GlanceController.swift */ = {isa = PBXFileReference; lastKnownFileType = sourcecode.swift; path = GlanceController.swift; sourceTree = "<group>"; };
		8E8448D01A9AB239000A549F /* Images.xcassets */ = {isa = PBXFileReference; lastKnownFileType = folder.assetcatalog; path = Images.xcassets; sourceTree = "<group>"; };
		8E8448D41A9AB239000A549F /* Cherry WatchKit App.app */ = {isa = PBXFileReference; explicitFileType = wrapper.application; includeInIndex = 0; path = "Cherry WatchKit App.app"; sourceTree = BUILT_PRODUCTS_DIR; };
		8E8448DA1A9AB239000A549F /* Info.plist */ = {isa = PBXFileReference; lastKnownFileType = text.plist.xml; path = Info.plist; sourceTree = "<group>"; };
		8E8448DE1A9AB239000A549F /* Images.xcassets */ = {isa = PBXFileReference; lastKnownFileType = folder.assetcatalog; path = Images.xcassets; sourceTree = "<group>"; };
		8E8448EC1A9AB3B6000A549F /* KTActiveActivityState.swift */ = {isa = PBXFileReference; fileEncoding = 4; lastKnownFileType = sourcecode.swift; name = KTActiveActivityState.swift; path = Shared/Model/KTActiveActivityState.swift; sourceTree = "<group>"; };
		8E8448F01A9AB7D3000A549F /* KTTimerFormatter.swift */ = {isa = PBXFileReference; fileEncoding = 4; lastKnownFileType = sourcecode.swift; name = KTTimerFormatter.swift; path = Shared/Utils/KTTimerFormatter.swift; sourceTree = "<group>"; };
		8E8448F31A9AB927000A549F /* KTSharedUserDefaults.swift */ = {isa = PBXFileReference; fileEncoding = 4; lastKnownFileType = sourcecode.swift; name = KTSharedUserDefaults.swift; path = Shared/Utils/KTSharedUserDefaults.swift; sourceTree = "<group>"; };
		8E8448F61A9ABD44000A549F /* KTActivityManager.swift */ = {isa = PBXFileReference; fileEncoding = 4; lastKnownFileType = sourcecode.swift; name = KTActivityManager.swift; path = Shared/Utils/KTActivityManager.swift; sourceTree = "<group>"; };
		8E8448FA1A9ABEF4000A549F /* KTPomodoroActivityModel.xcdatamodel */ = {isa = PBXFileReference; lastKnownFileType = wrapper.xcdatamodel; path = KTPomodoroActivityModel.xcdatamodel; sourceTree = "<group>"; };
		8E8448FD1A9AC11D000A549F /* KTPomodoroActivityModel.swift */ = {isa = PBXFileReference; fileEncoding = 4; lastKnownFileType = sourcecode.swift; name = KTPomodoroActivityModel.swift; path = Shared/Model/KTPomodoroActivityModel.swift; sourceTree = "<group>"; };
		8E8449001A9AC170000A549F /* KTPomodoroTaskConstants.swift */ = {isa = PBXFileReference; fileEncoding = 4; lastKnownFileType = sourcecode.swift; name = KTPomodoroTaskConstants.swift; path = Shared/Model/KTPomodoroTaskConstants.swift; sourceTree = "<group>"; };
		8E8E91F61A9BEEA600837D25 /* KTCoreDataStack.swift */ = {isa = PBXFileReference; fileEncoding = 4; lastKnownFileType = sourcecode.swift; name = KTCoreDataStack.swift; path = Shared/Model/KTCoreDataStack.swift; sourceTree = "<group>"; };
		8E8E91F81A9BF86C00837D25 /* KTCoreDataStackTests.swift */ = {isa = PBXFileReference; fileEncoding = 4; lastKnownFileType = sourcecode.swift; name = KTCoreDataStackTests.swift; path = Model/KTCoreDataStackTests.swift; sourceTree = "<group>"; };
		8E8E92051A9BFB5F00837D25 /* Cherry.entitlements */ = {isa = PBXFileReference; lastKnownFileType = text.xml; path = Cherry.entitlements; sourceTree = "<group>"; };
		8E8E92061A9BFB7400837D25 /* Cherry WatchKit Extension.entitlements */ = {isa = PBXFileReference; lastKnownFileType = text.xml; path = "Cherry WatchKit Extension.entitlements"; sourceTree = "<group>"; };
		8EFC7C661A9D2D9B00C4E814 /* KTWatchActivitiesRowInterfaceController.swift */ = {isa = PBXFileReference; fileEncoding = 4; lastKnownFileType = sourcecode.swift; name = KTWatchActivitiesRowInterfaceController.swift; path = InterfaceControllers/KTWatchActivitiesRowInterfaceController.swift; sourceTree = "<group>"; };
		8EFC7C6A1A9D326400C4E814 /* KTWatchAddActivityInterfaceController.swift */ = {isa = PBXFileReference; fileEncoding = 4; lastKnownFileType = sourcecode.swift; name = KTWatchAddActivityInterfaceController.swift; path = InterfaceControllers/KTWatchAddActivityInterfaceController.swift; sourceTree = "<group>"; };
		8EFC7C6C1A9D36A800C4E814 /* KTWatchPomoCompletedNotificationController.swift */ = {isa = PBXFileReference; fileEncoding = 4; lastKnownFileType = sourcecode.swift; name = KTWatchPomoCompletedNotificationController.swift; path = InterfaceControllers/KTWatchPomoCompletedNotificationController.swift; sourceTree = "<group>"; };
		8EFC7C6E1A9D383A00C4E814 /* KTWatchActivityCompletedNotificationController.swift */ = {isa = PBXFileReference; fileEncoding = 4; lastKnownFileType = sourcecode.swift; name = KTWatchActivityCompletedNotificationController.swift; path = InterfaceControllers/KTWatchActivityCompletedNotificationController.swift; sourceTree = "<group>"; };
		8EFC7C701A9D392700C4E814 /* KTWatchGlanceInterfaceController.swift */ = {isa = PBXFileReference; fileEncoding = 4; lastKnownFileType = sourcecode.swift; name = KTWatchGlanceInterfaceController.swift; path = InterfaceControllers/KTWatchGlanceInterfaceController.swift; sourceTree = "<group>"; };
		8EFC7C721A9D41C600C4E814 /* Cherry.storyboard */ = {isa = PBXFileReference; fileEncoding = 4; lastKnownFileType = file.storyboard; path = Cherry.storyboard; sourceTree = "<group>"; };
		8EFC7CA51A9D539200C4E814 /* KTWatchActivityDetailsInterfaceController.swift */ = {isa = PBXFileReference; fileEncoding = 4; lastKnownFileType = sourcecode.swift; name = KTWatchActivityDetailsInterfaceController.swift; path = InterfaceControllers/KTWatchActivityDetailsInterfaceController.swift; sourceTree = "<group>"; };
		8EFC7CA71A9D60C400C4E814 /* KTWatchAddActivityRowInterfaceController.swift */ = {isa = PBXFileReference; fileEncoding = 4; lastKnownFileType = sourcecode.swift; name = KTWatchAddActivityRowInterfaceController.swift; path = InterfaceControllers/KTWatchAddActivityRowInterfaceController.swift; sourceTree = "<group>"; };
		8EFC7CAA1A9D7ABE00C4E814 /* Settings-Watch.bundle */ = {isa = PBXFileReference; lastKnownFileType = "wrapper.plug-in"; name = "Settings-Watch.bundle"; path = "Shared/Resources/Settings-Watch.bundle"; sourceTree = "<group>"; };
/* End PBXFileReference section */

/* Begin PBXFrameworksBuildPhase section */
		8E8448991A9AB16C000A549F /* Frameworks */ = {
			isa = PBXFrameworksBuildPhase;
			buildActionMask = 2147483647;
			files = (
			);
			runOnlyForDeploymentPostprocessing = 0;
		};
		8E8448AE1A9AB16C000A549F /* Frameworks */ = {
			isa = PBXFrameworksBuildPhase;
			buildActionMask = 2147483647;
			files = (
			);
			runOnlyForDeploymentPostprocessing = 0;
		};
		8E8448C21A9AB239000A549F /* Frameworks */ = {
			isa = PBXFrameworksBuildPhase;
			buildActionMask = 2147483647;
			files = (
			);
			runOnlyForDeploymentPostprocessing = 0;
		};
/* End PBXFrameworksBuildPhase section */

/* Begin PBXGroup section */
		8E41583F1A9D1B0200E773E2 /* InterfaceControllers */ = {
			isa = PBXGroup;
			children = (
				8E4158401A9D1B8200E773E2 /* KTWatchActivitiesListInterfaceController.swift */,
				8EFC7C661A9D2D9B00C4E814 /* KTWatchActivitiesRowInterfaceController.swift */,
				8EFC7C6A1A9D326400C4E814 /* KTWatchAddActivityInterfaceController.swift */,
				8EFC7CA51A9D539200C4E814 /* KTWatchActivityDetailsInterfaceController.swift */,
				8EFC7C6C1A9D36A800C4E814 /* KTWatchPomoCompletedNotificationController.swift */,
				8EFC7C6E1A9D383A00C4E814 /* KTWatchActivityCompletedNotificationController.swift */,
				8EFC7C701A9D392700C4E814 /* KTWatchGlanceInterfaceController.swift */,
				8EFC7CA71A9D60C400C4E814 /* KTWatchAddActivityRowInterfaceController.swift */,
			);
			name = InterfaceControllers;
			sourceTree = "<group>";
		};
		8E8448931A9AB16C000A549F = {
			isa = PBXGroup;
			children = (
				8E84489E1A9AB16C000A549F /* Cherry */,
				8E8448B41A9AB16C000A549F /* CherryTests */,
				8E8448C61A9AB239000A549F /* Cherry WatchKit Extension */,
				8E8448D81A9AB239000A549F /* Cherry WatchKit App */,
				8E84489D1A9AB16C000A549F /* Products */,
			);
			sourceTree = "<group>";
		};
		8E84489D1A9AB16C000A549F /* Products */ = {
			isa = PBXGroup;
			children = (
				8E84489C1A9AB16C000A549F /* Cherry.app */,
				8E8448B11A9AB16C000A549F /* CherryTests.xctest */,
				8E8448C51A9AB239000A549F /* Cherry WatchKit Extension.appex */,
				8E8448D41A9AB239000A549F /* Cherry WatchKit App.app */,
			);
			name = Products;
			sourceTree = "<group>";
		};
		8E84489E1A9AB16C000A549F /* Cherry */ = {
			isa = PBXGroup;
			children = (
				8E8E92051A9BFB5F00837D25 /* Cherry.entitlements */,
				8E8448EA1A9AB329000A549F /* Shared */,
				8E8448A11A9AB16C000A549F /* AppDelegate.swift */,
				8E8448A51A9AB16C000A549F /* Main.storyboard */,
				8E8448A81A9AB16C000A549F /* Images.xcassets */,
				8E8448AA1A9AB16C000A549F /* LaunchScreen.xib */,
				8E84489F1A9AB16C000A549F /* Supporting Files */,
			);
			path = Cherry;
			sourceTree = "<group>";
		};
		8E84489F1A9AB16C000A549F /* Supporting Files */ = {
			isa = PBXGroup;
			children = (
				8E8448A01A9AB16C000A549F /* Info.plist */,
			);
			name = "Supporting Files";
			sourceTree = "<group>";
		};
		8E8448B41A9AB16C000A549F /* CherryTests */ = {
			isa = PBXGroup;
			children = (
				8E8448B51A9AB16C000A549F /* Supporting Files */,
				8E8E91FA1A9BF87100837D25 /* Model */,
			);
			path = CherryTests;
			sourceTree = "<group>";
		};
		8E8448B51A9AB16C000A549F /* Supporting Files */ = {
			isa = PBXGroup;
			children = (
				8E8448B61A9AB16C000A549F /* Info.plist */,
			);
			name = "Supporting Files";
			sourceTree = "<group>";
		};
		8E8448C61A9AB239000A549F /* Cherry WatchKit Extension */ = {
			isa = PBXGroup;
			children = (
				8E41583F1A9D1B0200E773E2 /* InterfaceControllers */,
				8E8E92061A9BFB7400837D25 /* Cherry WatchKit Extension.entitlements */,
				8E8448CC1A9AB239000A549F /* NotificationController.swift */,
				8E8448CE1A9AB239000A549F /* GlanceController.swift */,
				8E8448D01A9AB239000A549F /* Images.xcassets */,
				8E8448C71A9AB239000A549F /* Supporting Files */,
			);
			path = "Cherry WatchKit Extension";
			sourceTree = "<group>";
		};
		8E8448C71A9AB239000A549F /* Supporting Files */ = {
			isa = PBXGroup;
			children = (
				8E8448C81A9AB239000A549F /* Info.plist */,
				8E8448C91A9AB239000A549F /* PushNotificationPayload.apns */,
			);
			name = "Supporting Files";
			sourceTree = "<group>";
		};
		8E8448D81A9AB239000A549F /* Cherry WatchKit App */ = {
			isa = PBXGroup;
			children = (
				8E8448DE1A9AB239000A549F /* Images.xcassets */,
				8E8448D91A9AB239000A549F /* Supporting Files */,
				8EFC7C721A9D41C600C4E814 /* Cherry.storyboard */,
			);
			path = "Cherry WatchKit App";
			sourceTree = "<group>";
		};
		8E8448D91A9AB239000A549F /* Supporting Files */ = {
			isa = PBXGroup;
			children = (
				8E8448DA1A9AB239000A549F /* Info.plist */,
			);
			name = "Supporting Files";
			sourceTree = "<group>";
		};
		8E8448EA1A9AB329000A549F /* Shared */ = {
			isa = PBXGroup;
			children = (
				8EFC7CA91A9D7AA200C4E814 /* Resources */,
				8E8448EF1A9AB74E000A549F /* Utils */,
				8E8448EB1A9AB39D000A549F /* Model */,
			);
			name = Shared;
			sourceTree = "<group>";
		};
		8E8448EB1A9AB39D000A549F /* Model */ = {
			isa = PBXGroup;
			children = (
				8E8448EC1A9AB3B6000A549F /* KTActiveActivityState.swift */,
				8E8448F91A9ABEF4000A549F /* KTPomodoroActivityModel.xcdatamodeld */,
				8E8448FD1A9AC11D000A549F /* KTPomodoroActivityModel.swift */,
				8E8449001A9AC170000A549F /* KTPomodoroTaskConstants.swift */,
				8E8E91F61A9BEEA600837D25 /* KTCoreDataStack.swift */,
			);
			name = Model;
			sourceTree = "<group>";
		};
		8E8448EF1A9AB74E000A549F /* Utils */ = {
			isa = PBXGroup;
			children = (
				8E8448F01A9AB7D3000A549F /* KTTimerFormatter.swift */,
				8E8448F31A9AB927000A549F /* KTSharedUserDefaults.swift */,
				8E8448F61A9ABD44000A549F /* KTActivityManager.swift */,
			);
			name = Utils;
			sourceTree = "<group>";
		};
		8E8E91FA1A9BF87100837D25 /* Model */ = {
			isa = PBXGroup;
			children = (
				8E8E91F81A9BF86C00837D25 /* KTCoreDataStackTests.swift */,
			);
			name = Model;
			sourceTree = "<group>";
		};
		8EFC7CA91A9D7AA200C4E814 /* Resources */ = {
			isa = PBXGroup;
			children = (
				8EFC7CAA1A9D7ABE00C4E814 /* Settings-Watch.bundle */,
			);
			name = Resources;
			sourceTree = "<group>";
		};
/* End PBXGroup section */

/* Begin PBXNativeTarget section */
		8E84489B1A9AB16C000A549F /* Cherry */ = {
			isa = PBXNativeTarget;
			buildConfigurationList = 8E8448BB1A9AB16C000A549F /* Build configuration list for PBXNativeTarget "Cherry" */;
			buildPhases = (
				8E8448981A9AB16C000A549F /* Sources */,
				8E8448991A9AB16C000A549F /* Frameworks */,
				8E84489A1A9AB16C000A549F /* Resources */,
				8E8448E91A9AB239000A549F /* Embed App Extensions */,
			);
			buildRules = (
			);
			dependencies = (
				8E8448E11A9AB239000A549F /* PBXTargetDependency */,
			);
			name = Cherry;
			productName = Cherry;
			productReference = 8E84489C1A9AB16C000A549F /* Cherry.app */;
			productType = "com.apple.product-type.application";
		};
		8E8448B01A9AB16C000A549F /* CherryTests */ = {
			isa = PBXNativeTarget;
			buildConfigurationList = 8E8448BE1A9AB16C000A549F /* Build configuration list for PBXNativeTarget "CherryTests" */;
			buildPhases = (
				8E8448AD1A9AB16C000A549F /* Sources */,
				8E8448AE1A9AB16C000A549F /* Frameworks */,
				8E8448AF1A9AB16C000A549F /* Resources */,
			);
			buildRules = (
			);
			dependencies = (
				8E8448B31A9AB16C000A549F /* PBXTargetDependency */,
			);
			name = CherryTests;
			productName = CherryTests;
			productReference = 8E8448B11A9AB16C000A549F /* CherryTests.xctest */;
			productType = "com.apple.product-type.bundle.unit-test";
		};
		8E8448C41A9AB239000A549F /* Cherry WatchKit Extension */ = {
			isa = PBXNativeTarget;
			buildConfigurationList = 8E8448E61A9AB239000A549F /* Build configuration list for PBXNativeTarget "Cherry WatchKit Extension" */;
			buildPhases = (
				8E8448C11A9AB239000A549F /* Sources */,
				8E8448C21A9AB239000A549F /* Frameworks */,
				8E8448C31A9AB239000A549F /* Resources */,
			);
			buildRules = (
			);
			dependencies = (
				8E8448D71A9AB239000A549F /* PBXTargetDependency */,
			);
			name = "Cherry WatchKit Extension";
			productName = "Cherry WatchKit Extension";
			productReference = 8E8448C51A9AB239000A549F /* Cherry WatchKit Extension.appex */;
			productType = "com.apple.product-type.watchkit-extension";
		};
		8E8448D31A9AB239000A549F /* Cherry WatchKit App */ = {
			isa = PBXNativeTarget;
			buildConfigurationList = 8E8448E31A9AB239000A549F /* Build configuration list for PBXNativeTarget "Cherry WatchKit App" */;
			buildPhases = (
				8E8448D21A9AB239000A549F /* Resources */,
			);
			buildRules = (
			);
			dependencies = (
			);
			name = "Cherry WatchKit App";
			productName = "Cherry WatchKit App";
			productReference = 8E8448D41A9AB239000A549F /* Cherry WatchKit App.app */;
			productType = "com.apple.product-type.application.watchapp";
		};
/* End PBXNativeTarget section */

/* Begin PBXProject section */
		8E8448941A9AB16C000A549F /* Project object */ = {
			isa = PBXProject;
			attributes = {
				LastUpgradeCheck = 0620;
				TargetAttributes = {
					8E84489B1A9AB16C000A549F = {
						CreatedOnToolsVersion = 6.2;
						DevelopmentTeam = Y54H2D8RT6;
						SystemCapabilities = {
							com.apple.ApplicationGroups.iOS = {
								enabled = 1;
							};
						};
					};
					8E8448B01A9AB16C000A549F = {
						CreatedOnToolsVersion = 6.2;
						TestTargetID = 8E84489B1A9AB16C000A549F;
					};
					8E8448C41A9AB239000A549F = {
						CreatedOnToolsVersion = 6.2;
						DevelopmentTeam = Y54H2D8RT6;
						SystemCapabilities = {
							com.apple.ApplicationGroups.iOS = {
								enabled = 1;
							};
						};
					};
					8E8448D31A9AB239000A549F = {
						CreatedOnToolsVersion = 6.2;
					};
				};
			};
			buildConfigurationList = 8E8448971A9AB16C000A549F /* Build configuration list for PBXProject "Cherry" */;
			compatibilityVersion = "Xcode 3.2";
			developmentRegion = English;
			hasScannedForEncodings = 0;
			knownRegions = (
				en,
				Base,
			);
			mainGroup = 8E8448931A9AB16C000A549F;
			productRefGroup = 8E84489D1A9AB16C000A549F /* Products */;
			projectDirPath = "";
			projectRoot = "";
			targets = (
				8E84489B1A9AB16C000A549F /* Cherry */,
				8E8448B01A9AB16C000A549F /* CherryTests */,
				8E8448C41A9AB239000A549F /* Cherry WatchKit Extension */,
				8E8448D31A9AB239000A549F /* Cherry WatchKit App */,
			);
		};
/* End PBXProject section */

/* Begin PBXResourcesBuildPhase section */
		8E84489A1A9AB16C000A549F /* Resources */ = {
			isa = PBXResourcesBuildPhase;
			buildActionMask = 2147483647;
			files = (
				8E8448A71A9AB16C000A549F /* Main.storyboard in Resources */,
				8E8448AC1A9AB16C000A549F /* LaunchScreen.xib in Resources */,
				8EFC7CAB1A9D7ABE00C4E814 /* Settings-Watch.bundle in Resources */,
				8E8448A91A9AB16C000A549F /* Images.xcassets in Resources */,
			);
			runOnlyForDeploymentPostprocessing = 0;
		};
		8E8448AF1A9AB16C000A549F /* Resources */ = {
			isa = PBXResourcesBuildPhase;
			buildActionMask = 2147483647;
			files = (
			);
			runOnlyForDeploymentPostprocessing = 0;
		};
		8E8448C31A9AB239000A549F /* Resources */ = {
			isa = PBXResourcesBuildPhase;
			buildActionMask = 2147483647;
			files = (
				8E8448D11A9AB239000A549F /* Images.xcassets in Resources */,
				8E8448D51A9AB239000A549F /* Cherry WatchKit App.app in Resources */,
				8EFC7CAC1A9D7ABE00C4E814 /* Settings-Watch.bundle in Resources */,
			);
			runOnlyForDeploymentPostprocessing = 0;
		};
		8E8448D21A9AB239000A549F /* Resources */ = {
			isa = PBXResourcesBuildPhase;
			buildActionMask = 2147483647;
			files = (
				8E8448DF1A9AB239000A549F /* Images.xcassets in Resources */,
				8EFC7C731A9D41C600C4E814 /* Cherry.storyboard in Resources */,
			);
			runOnlyForDeploymentPostprocessing = 0;
		};
/* End PBXResourcesBuildPhase section */

/* Begin PBXSourcesBuildPhase section */
		8E8448981A9AB16C000A549F /* Sources */ = {
			isa = PBXSourcesBuildPhase;
			buildActionMask = 2147483647;
			files = (
				8E8449011A9AC170000A549F /* KTPomodoroTaskConstants.swift in Sources */,
				8E8448FB1A9ABEF4000A549F /* KTPomodoroActivityModel.xcdatamodeld in Sources */,
				8E8448F11A9AB7D3000A549F /* KTTimerFormatter.swift in Sources */,
				8E8448ED1A9AB3B6000A549F /* KTActiveActivityState.swift in Sources */,
				8E8448FE1A9AC11D000A549F /* KTPomodoroActivityModel.swift in Sources */,
				8E8448A21A9AB16C000A549F /* AppDelegate.swift in Sources */,
				8E8448F41A9AB927000A549F /* KTSharedUserDefaults.swift in Sources */,
				8E8E91F71A9BEEA600837D25 /* KTCoreDataStack.swift in Sources */,
				8E8448F71A9ABD44000A549F /* KTActivityManager.swift in Sources */,
			);
			runOnlyForDeploymentPostprocessing = 0;
		};
		8E8448AD1A9AB16C000A549F /* Sources */ = {
			isa = PBXSourcesBuildPhase;
			buildActionMask = 2147483647;
			files = (
			);
			runOnlyForDeploymentPostprocessing = 0;
		};
		8E8448C11A9AB239000A549F /* Sources */ = {
			isa = PBXSourcesBuildPhase;
			buildActionMask = 2147483647;
			files = (
				8EFC7C711A9D392700C4E814 /* KTWatchGlanceInterfaceController.swift in Sources */,
				8E8448FC1A9ABEF4000A549F /* KTPomodoroActivityModel.xcdatamodeld in Sources */,
				8EFC7C6B1A9D326400C4E814 /* KTWatchAddActivityInterfaceController.swift in Sources */,
				8E8448F81A9ABD44000A549F /* KTActivityManager.swift in Sources */,
				8E8448CD1A9AB239000A549F /* NotificationController.swift in Sources */,
				8EFC7CA61A9D539200C4E814 /* KTWatchActivityDetailsInterfaceController.swift in Sources */,
				8EFC7C671A9D2D9B00C4E814 /* KTWatchActivitiesRowInterfaceController.swift in Sources */,
				8E8448F51A9AB927000A549F /* KTSharedUserDefaults.swift in Sources */,
				8EFC7CA81A9D60C400C4E814 /* KTWatchAddActivityRowInterfaceController.swift in Sources */,
				8E8448CF1A9AB239000A549F /* GlanceController.swift in Sources */,
				8E8E92001A9BF9C900837D25 /* KTCoreDataStack.swift in Sources */,
				8E8449021A9AC170000A549F /* KTPomodoroTaskConstants.swift in Sources */,
				8EFC7C6F1A9D383A00C4E814 /* KTWatchActivityCompletedNotificationController.swift in Sources */,
				8E8448F21A9AB7D3000A549F /* KTTimerFormatter.swift in Sources */,
				8EFC7C6D1A9D36A800C4E814 /* KTWatchPomoCompletedNotificationController.swift in Sources */,
				8E4158411A9D1B8200E773E2 /* KTWatchActivitiesListInterfaceController.swift in Sources */,
				8E8448EE1A9AB3B6000A549F /* KTActiveActivityState.swift in Sources */,
				8E8448FF1A9AC11D000A549F /* KTPomodoroActivityModel.swift in Sources */,
			);
			runOnlyForDeploymentPostprocessing = 0;
		};
/* End PBXSourcesBuildPhase section */

/* Begin PBXTargetDependency section */
		8E8448B31A9AB16C000A549F /* PBXTargetDependency */ = {
			isa = PBXTargetDependency;
			target = 8E84489B1A9AB16C000A549F /* Cherry */;
			targetProxy = 8E8448B21A9AB16C000A549F /* PBXContainerItemProxy */;
		};
		8E8448D71A9AB239000A549F /* PBXTargetDependency */ = {
			isa = PBXTargetDependency;
			target = 8E8448D31A9AB239000A549F /* Cherry WatchKit App */;
			targetProxy = 8E8448D61A9AB239000A549F /* PBXContainerItemProxy */;
		};
		8E8448E11A9AB239000A549F /* PBXTargetDependency */ = {
			isa = PBXTargetDependency;
			target = 8E8448C41A9AB239000A549F /* Cherry WatchKit Extension */;
			targetProxy = 8E8448E01A9AB239000A549F /* PBXContainerItemProxy */;
		};
/* End PBXTargetDependency section */

/* Begin PBXVariantGroup section */
		8E8448A51A9AB16C000A549F /* Main.storyboard */ = {
			isa = PBXVariantGroup;
			children = (
				8E8448A61A9AB16C000A549F /* Base */,
			);
			name = Main.storyboard;
			sourceTree = "<group>";
		};
		8E8448AA1A9AB16C000A549F /* LaunchScreen.xib */ = {
			isa = PBXVariantGroup;
			children = (
				8E8448AB1A9AB16C000A549F /* Base */,
			);
			name = LaunchScreen.xib;
			sourceTree = "<group>";
		};
/* End PBXVariantGroup section */

/* Begin XCBuildConfiguration section */
		8E8448B91A9AB16C000A549F /* Debug */ = {
			isa = XCBuildConfiguration;
			buildSettings = {
				ALWAYS_SEARCH_USER_PATHS = NO;
				CLANG_CXX_LANGUAGE_STANDARD = "gnu++0x";
				CLANG_CXX_LIBRARY = "libc++";
				CLANG_ENABLE_MODULES = YES;
				CLANG_ENABLE_OBJC_ARC = YES;
				CLANG_WARN_BOOL_CONVERSION = YES;
				CLANG_WARN_CONSTANT_CONVERSION = YES;
				CLANG_WARN_DIRECT_OBJC_ISA_USAGE = YES_ERROR;
				CLANG_WARN_EMPTY_BODY = YES;
				CLANG_WARN_ENUM_CONVERSION = YES;
				CLANG_WARN_INT_CONVERSION = YES;
				CLANG_WARN_OBJC_ROOT_CLASS = YES_ERROR;
				CLANG_WARN_UNREACHABLE_CODE = YES;
				CLANG_WARN__DUPLICATE_METHOD_MATCH = YES;
				"CODE_SIGN_IDENTITY[sdk=iphoneos*]" = "iPhone Developer";
				COPY_PHASE_STRIP = NO;
				ENABLE_STRICT_OBJC_MSGSEND = YES;
				GCC_C_LANGUAGE_STANDARD = gnu99;
				GCC_DYNAMIC_NO_PIC = NO;
				GCC_OPTIMIZATION_LEVEL = 0;
				GCC_PREPROCESSOR_DEFINITIONS = (
					"DEBUG=1",
					"$(inherited)",
				);
				GCC_SYMBOLS_PRIVATE_EXTERN = NO;
				GCC_WARN_64_TO_32_BIT_CONVERSION = YES;
				GCC_WARN_ABOUT_RETURN_TYPE = YES_ERROR;
				GCC_WARN_UNDECLARED_SELECTOR = YES;
				GCC_WARN_UNINITIALIZED_AUTOS = YES_AGGRESSIVE;
				GCC_WARN_UNUSED_FUNCTION = YES;
				GCC_WARN_UNUSED_VARIABLE = YES;
				IPHONEOS_DEPLOYMENT_TARGET = 8.2;
				MTL_ENABLE_DEBUG_INFO = YES;
				ONLY_ACTIVE_ARCH = YES;
				SDKROOT = iphoneos;
				SWIFT_OPTIMIZATION_LEVEL = "-Onone";
			};
			name = Debug;
		};
		8E8448BA1A9AB16C000A549F /* Release */ = {
			isa = XCBuildConfiguration;
			buildSettings = {
				ALWAYS_SEARCH_USER_PATHS = NO;
				CLANG_CXX_LANGUAGE_STANDARD = "gnu++0x";
				CLANG_CXX_LIBRARY = "libc++";
				CLANG_ENABLE_MODULES = YES;
				CLANG_ENABLE_OBJC_ARC = YES;
				CLANG_WARN_BOOL_CONVERSION = YES;
				CLANG_WARN_CONSTANT_CONVERSION = YES;
				CLANG_WARN_DIRECT_OBJC_ISA_USAGE = YES_ERROR;
				CLANG_WARN_EMPTY_BODY = YES;
				CLANG_WARN_ENUM_CONVERSION = YES;
				CLANG_WARN_INT_CONVERSION = YES;
				CLANG_WARN_OBJC_ROOT_CLASS = YES_ERROR;
				CLANG_WARN_UNREACHABLE_CODE = YES;
				CLANG_WARN__DUPLICATE_METHOD_MATCH = YES;
				"CODE_SIGN_IDENTITY[sdk=iphoneos*]" = "iPhone Developer";
				COPY_PHASE_STRIP = NO;
				ENABLE_NS_ASSERTIONS = NO;
				ENABLE_STRICT_OBJC_MSGSEND = YES;
				GCC_C_LANGUAGE_STANDARD = gnu99;
				GCC_WARN_64_TO_32_BIT_CONVERSION = YES;
				GCC_WARN_ABOUT_RETURN_TYPE = YES_ERROR;
				GCC_WARN_UNDECLARED_SELECTOR = YES;
				GCC_WARN_UNINITIALIZED_AUTOS = YES_AGGRESSIVE;
				GCC_WARN_UNUSED_FUNCTION = YES;
				GCC_WARN_UNUSED_VARIABLE = YES;
				IPHONEOS_DEPLOYMENT_TARGET = 8.2;
				MTL_ENABLE_DEBUG_INFO = NO;
				SDKROOT = iphoneos;
				VALIDATE_PRODUCT = YES;
			};
			name = Release;
		};
		8E8448BC1A9AB16C000A549F /* Debug */ = {
			isa = XCBuildConfiguration;
			buildSettings = {
				ASSETCATALOG_COMPILER_APPICON_NAME = AppIcon;
				CODE_SIGN_ENTITLEMENTS = Cherry/Cherry.entitlements;
				CODE_SIGN_IDENTITY = "iPhone Developer";
				"CODE_SIGN_IDENTITY[sdk=iphoneos*]" = "iPhone Developer";
				EMBEDDED_CONTENT_CONTAINS_SWIFT = YES;
				INFOPLIST_FILE = Cherry/Info.plist;
				LD_RUNPATH_SEARCH_PATHS = "$(inherited) @executable_path/Frameworks";
				PRODUCT_NAME = "$(TARGET_NAME)";
				PROVISIONING_PROFILE = "";
			};
			name = Debug;
		};
		8E8448BD1A9AB16C000A549F /* Release */ = {
			isa = XCBuildConfiguration;
			buildSettings = {
				ASSETCATALOG_COMPILER_APPICON_NAME = AppIcon;
				CODE_SIGN_ENTITLEMENTS = Cherry/Cherry.entitlements;
				CODE_SIGN_IDENTITY = "iPhone Developer";
				"CODE_SIGN_IDENTITY[sdk=iphoneos*]" = "iPhone Developer";
				EMBEDDED_CONTENT_CONTAINS_SWIFT = YES;
				INFOPLIST_FILE = Cherry/Info.plist;
				LD_RUNPATH_SEARCH_PATHS = "$(inherited) @executable_path/Frameworks";
				PRODUCT_NAME = "$(TARGET_NAME)";
				PROVISIONING_PROFILE = "";
			};
			name = Release;
		};
		8E8448BF1A9AB16C000A549F /* Debug */ = {
			isa = XCBuildConfiguration;
			buildSettings = {
				BUNDLE_LOADER = "$(TEST_HOST)";
				FRAMEWORK_SEARCH_PATHS = (
					"$(SDKROOT)/Developer/Library/Frameworks",
					"$(inherited)",
				);
				GCC_PREPROCESSOR_DEFINITIONS = (
					"DEBUG=1",
					"$(inherited)",
				);
				INFOPLIST_FILE = CherryTests/Info.plist;
				LD_RUNPATH_SEARCH_PATHS = "$(inherited) @executable_path/Frameworks @loader_path/Frameworks";
				PRODUCT_NAME = "$(TARGET_NAME)";
				TEST_HOST = "$(BUILT_PRODUCTS_DIR)/Cherry.app/Cherry";
			};
			name = Debug;
		};
		8E8448C01A9AB16C000A549F /* Release */ = {
			isa = XCBuildConfiguration;
			buildSettings = {
				BUNDLE_LOADER = "$(TEST_HOST)";
				FRAMEWORK_SEARCH_PATHS = (
					"$(SDKROOT)/Developer/Library/Frameworks",
					"$(inherited)",
				);
				INFOPLIST_FILE = CherryTests/Info.plist;
				LD_RUNPATH_SEARCH_PATHS = "$(inherited) @executable_path/Frameworks @loader_path/Frameworks";
				PRODUCT_NAME = "$(TARGET_NAME)";
				TEST_HOST = "$(BUILT_PRODUCTS_DIR)/Cherry.app/Cherry";
			};
			name = Release;
		};
		8E8448E41A9AB239000A549F /* Debug */ = {
			isa = XCBuildConfiguration;
			buildSettings = {
				ASSETCATALOG_COMPILER_APPICON_NAME = AppIcon;
				GCC_PREPROCESSOR_DEFINITIONS = (
					"DEBUG=1",
					"$(inherited)",
				);
				IBSC_MODULE = Cherry_WatchKit_Extension;
				INFOPLIST_FILE = "Cherry WatchKit App/Info.plist";
				PRODUCT_NAME = "$(TARGET_NAME)";
				SKIP_INSTALL = YES;
				TARGETED_DEVICE_FAMILY = 4;
				"TARGETED_DEVICE_FAMILY[sdk=iphonesimulator*]" = "1,4";
			};
			name = Debug;
		};
		8E8448E51A9AB239000A549F /* Release */ = {
			isa = XCBuildConfiguration;
			buildSettings = {
				ASSETCATALOG_COMPILER_APPICON_NAME = AppIcon;
				IBSC_MODULE = Cherry_WatchKit_Extension;
				INFOPLIST_FILE = "Cherry WatchKit App/Info.plist";
				PRODUCT_NAME = "$(TARGET_NAME)";
				SKIP_INSTALL = YES;
				TARGETED_DEVICE_FAMILY = 4;
				"TARGETED_DEVICE_FAMILY[sdk=iphonesimulator*]" = "1,4";
			};
			name = Release;
		};
		8E8448E71A9AB239000A549F /* Debug */ = {
			isa = XCBuildConfiguration;
			buildSettings = {
				CODE_SIGN_ENTITLEMENTS = "Cherry WatchKit Extension/Cherry WatchKit Extension.entitlements";
				CODE_SIGN_IDENTITY = "iPhone Developer";
				"CODE_SIGN_IDENTITY[sdk=iphoneos*]" = "iPhone Developer";
				GCC_PREPROCESSOR_DEFINITIONS = (
					"DEBUG=1",
					"$(inherited)",
				);
				INFOPLIST_FILE = "Cherry WatchKit Extension/Info.plist";
				LD_RUNPATH_SEARCH_PATHS = "$(inherited) @executable_path/Frameworks @executable_path/../../Frameworks";
				PRODUCT_NAME = "${TARGET_NAME}";
				PROVISIONING_PROFILE = "";
				SKIP_INSTALL = YES;
			};
			name = Debug;
		};
		8E8448E81A9AB239000A549F /* Release */ = {
			isa = XCBuildConfiguration;
			buildSettings = {
				CODE_SIGN_ENTITLEMENTS = "Cherry WatchKit Extension/Cherry WatchKit Extension.entitlements";
				CODE_SIGN_IDENTITY = "iPhone Developer";
				"CODE_SIGN_IDENTITY[sdk=iphoneos*]" = "iPhone Developer";
				INFOPLIST_FILE = "Cherry WatchKit Extension/Info.plist";
				LD_RUNPATH_SEARCH_PATHS = "$(inherited) @executable_path/Frameworks @executable_path/../../Frameworks";
				PRODUCT_NAME = "${TARGET_NAME}";
				PROVISIONING_PROFILE = "";
				SKIP_INSTALL = YES;
			};
			name = Release;
		};
/* End XCBuildConfiguration section */

/* Begin XCConfigurationList section */
		8E8448971A9AB16C000A549F /* Build configuration list for PBXProject "Cherry" */ = {
			isa = XCConfigurationList;
			buildConfigurations = (
				8E8448B91A9AB16C000A549F /* Debug */,
				8E8448BA1A9AB16C000A549F /* Release */,
			);
			defaultConfigurationIsVisible = 0;
			defaultConfigurationName = Release;
		};
		8E8448BB1A9AB16C000A549F /* Build configuration list for PBXNativeTarget "Cherry" */ = {
			isa = XCConfigurationList;
			buildConfigurations = (
				8E8448BC1A9AB16C000A549F /* Debug */,
				8E8448BD1A9AB16C000A549F /* Release */,
			);
			defaultConfigurationIsVisible = 0;
			defaultConfigurationName = Release;
		};
		8E8448BE1A9AB16C000A549F /* Build configuration list for PBXNativeTarget "CherryTests" */ = {
			isa = XCConfigurationList;
			buildConfigurations = (
				8E8448BF1A9AB16C000A549F /* Debug */,
				8E8448C01A9AB16C000A549F /* Release */,
			);
			defaultConfigurationIsVisible = 0;
			defaultConfigurationName = Release;
		};
		8E8448E31A9AB239000A549F /* Build configuration list for PBXNativeTarget "Cherry WatchKit App" */ = {
			isa = XCConfigurationList;
			buildConfigurations = (
				8E8448E41A9AB239000A549F /* Debug */,
				8E8448E51A9AB239000A549F /* Release */,
			);
			defaultConfigurationIsVisible = 0;
			defaultConfigurationName = Release;
		};
		8E8448E61A9AB239000A549F /* Build configuration list for PBXNativeTarget "Cherry WatchKit Extension" */ = {
			isa = XCConfigurationList;
			buildConfigurations = (
				8E8448E71A9AB239000A549F /* Debug */,
				8E8448E81A9AB239000A549F /* Release */,
			);
			defaultConfigurationIsVisible = 0;
			defaultConfigurationName = Release;
		};
/* End XCConfigurationList section */

/* Begin XCVersionGroup section */
		8E8448F91A9ABEF4000A549F /* KTPomodoroActivityModel.xcdatamodeld */ = {
			isa = XCVersionGroup;
			children = (
				8E8448FA1A9ABEF4000A549F /* KTPomodoroActivityModel.xcdatamodel */,
			);
			currentVersion = 8E8448FA1A9ABEF4000A549F /* KTPomodoroActivityModel.xcdatamodel */;
			name = KTPomodoroActivityModel.xcdatamodeld;
			path = Shared/Model/KTPomodoroActivityModel.xcdatamodeld;
			sourceTree = "<group>";
			versionGroupType = wrapper.xcdatamodel;
		};
/* End XCVersionGroup section */
	};
	rootObject = 8E8448941A9AB16C000A549F /* Project object */;
}
